
Microsoft Visual Studio Solution File, Format Version 12.00
# Visual Studio Version 16
VisualStudioVersion = 16.0.31129.286
MinimumVisualStudioVersion = 10.0.40219.1
Project("{FAE04EC0-301F-11D3-BF4B-00C04F79EFBC}") = "Chomp", "Chomp\Chomp.csproj", "{9B786ED5-DB44-4F23-B8AE-552B8A91DBEA}"
EndProject
Global
	GlobalSection(SolutionConfigurationPlatforms) = preSolution
		Debug|Any CPU = Debug|Any CPU
		Release|Any CPU = Release|Any CPU
	EndGlobalSection
	GlobalSection(ProjectConfigurationPlatforms) = postSolution
		{9B786ED5-DB44-4F23-B8AE-552B8A91DBEA}.Debug|Any CPU.ActiveCfg = Debug|Any CPU
		{9B786ED5-DB44-4F23-B8AE-552B8A91DBEA}.Debug|Any CPU.Build.0 = Debug|Any CPU
		{9B786ED5-DB44-4F23-B8AE-552B8A91DBEA}.Release|Any CPU.ActiveCfg = Release|Any CPU
		{9B786ED5-DB44-4F23-B8AE-552B8A91DBEA}.Release|Any CPU.Build.0 = Release|Any CPU
	EndGlobalSection
	GlobalSection(SolutionProperties) = preSolution
		HideSolutionNode = FALSE
	EndGlobalSection
	GlobalSection(ExtensibilityGlobals) = postSolution
		SolutionGuid = {C21AE0EE-0F50-4736-9E5E-72D51E641543}
	EndGlobalSection
EndGlobal
